// !$*UTF8*$!
{
	archiveVersion = 1;
	classes = {
	};
	objectVersion = 77;
	objects = {

/* Begin PBXBuildFile section */
		020E8C313C6FBED2120E39DC /* ArrivalTargetEditorView.swift in Sources */ = {isa = PBXBuildFile; fileRef = 3DF4A17AEA5D744333A66588 /* ArrivalTargetEditorView.swift */; };
		042CD6553C4C9F181A24D979 /* DashboardView.swift in Sources */ = {isa = PBXBuildFile; fileRef = 9F5C959C02D3AEB61D35B2E4 /* DashboardView.swift */; };
		054FCB4E10C16B21E3D45902 /* DayEditView.swift in Sources */ = {isa = PBXBuildFile; fileRef = FFCA663A470C8DD3B775062E /* DayEditView.swift */; };
		073A647E142E2160B0668B7B /* announcements.json in Resources */ = {isa = PBXBuildFile; fileRef = 50F734E88085ED4D6DE9044E /* announcements.json */; };
		07E1D644A4C3B81B0BBBA38F /* TripPlanner.swift in Sources */ = {isa = PBXBuildFile; fileRef = B4035201F31588EB77A1717A /* TripPlanner.swift */; };
		0BE5A7664A79AAEAC5B197F1 /* Assets.xcassets in Resources */ = {isa = PBXBuildFile; fileRef = 9AEF46AA6EEEAA6BB1DFD19E /* Assets.xcassets */; };
		1310D1136D2AF73540137D03 /* AnnouncementCatalog.swift in Sources */ = {isa = PBXBuildFile; fileRef = 5516267C5F1A1EBE3E7C8578 /* AnnouncementCatalog.swift */; };
		18778F449FCB6B3ECAD42DF8 /* SpeechRecorder.swift in Sources */ = {isa = PBXBuildFile; fileRef = F6BF3B286DB9B16B42FE2661 /* SpeechRecorder.swift */; };
		1BFC8EFF51E1F11FD0BDF86F /* JournalStore.swift in Sources */ = {isa = PBXBuildFile; fileRef = 81CE9A05E62626B4DCFCFF0D /* JournalStore.swift */; };
		1F27EF2FD3A054C89EB215C4 /* ContentView.swift in Sources */ = {isa = PBXBuildFile; fileRef = 5A9CB73E03C832207007A05A /* ContentView.swift */; };
		2130C966D5FCAFA0967C5F6E /* LatvianLearningAudioPlayer.swift in Sources */ = {isa = PBXBuildFile; fileRef = F19E1ECFBF25163C68CD2418 /* LatvianLearningAudioPlayer.swift */; };
		22A19743A1935E2794049F5E /* LatvianLearningView.swift in Sources */ = {isa = PBXBuildFile; fileRef = 5812269C44F69EBD88B82194 /* LatvianLearningView.swift */; };
		27D303E4234299F590A82DC4 /* Config.swift in Sources */ = {isa = PBXBuildFile; fileRef = 4D158F3DF63E4C9036FB22C7 /* Config.swift */; };
		2BDE8F65A582F4E7E7245FA1 /* NotificationBudget.swift in Sources */ = {isa = PBXBuildFile; fileRef = AA9EC5D3FE46DF622AC25DD1 /* NotificationBudget.swift */; };
		2E0CC94E730350C7E25125E9 /* DepartureModal.swift in Sources */ = {isa = PBXBuildFile; fileRef = AB48E89533130C8995F3673F /* DepartureModal.swift */; };
		2F210E3810F5B7D4E68DF99B /* MembersView.swift in Sources */ = {isa = PBXBuildFile; fileRef = 5D4F8488E7E8ACA586661498 /* MembersView.swift */; };
		38411CC0FB39D09070DD0E7D /* PlacePickerView.swift in Sources */ = {isa = PBXBuildFile; fileRef = 5A355D39936226682FC6D705 /* PlacePickerView.swift */; };
		3B014CAF3ED8C77379FD5729 /* Navigation.swift in Sources */ = {isa = PBXBuildFile; fileRef = 35155F1CE413BCBF9F18829E /* Navigation.swift */; };
		3E6ECC20772D44BE6DDBD7CC /* KuzeyWidgets.appex in Embed Foundation Extensions */ = {isa = PBXBuildFile; fileRef = 28429416E3925FE7D2879869 /* KuzeyWidgets.appex */; settings = {ATTRIBUTES = (RemoveHeadersOnCopy, ); }; };
		43529647794C069DB3288EF5 /* JournalView.swift in Sources */ = {isa = PBXBuildFile; fileRef = 8FCA86BC2BD7CA0F2439A51B /* JournalView.swift */; };
		44D26612235CC1CD1C2EAA37 /* RouteStore.swift in Sources */ = {isa = PBXBuildFile; fileRef = DEDCB70244A1866C05724B7B /* RouteStore.swift */; };
		44FFBA9436CD2F461A4CC31D /* KuzeyWidgets.swift in Sources */ = {isa = PBXBuildFile; fileRef = 92433716A15BEBCD592B63E2 /* KuzeyWidgets.swift */; };
		450CDDD3D9A8D5E6D42D6C2A /* LatvianLearningStore.swift in Sources */ = {isa = PBXBuildFile; fileRef = 12D367783540C02B49F8BEF5 /* LatvianLearningStore.swift */; };
		4DC68909BEE41788A89C7E2B /* AccountAPI.swift in Sources */ = {isa = PBXBuildFile; fileRef = 4E679A8CA63C95098745605F /* AccountAPI.swift */; };
		5172E3495206A3FEC5E36CEF /* ScannerView.swift in Sources */ = {isa = PBXBuildFile; fileRef = BF11ED9C0D36687D9A03CBB8 /* ScannerView.swift */; };
		56EE74EA476E806AFA335715 /* AppIntentsSupport.swift in Sources */ = {isa = PBXBuildFile; fileRef = 60D39C5F92694220AE03C259 /* AppIntentsSupport.swift */; };
		57F6FED64EAD6A1A38073877 /* GalleryStore.swift in Sources */ = {isa = PBXBuildFile; fileRef = 56F692B7FF04A1EEFEC89D44 /* GalleryStore.swift */; };
		5CE9A9079DEC2CD5FAB60610 /* AccountStopsView.swift in Sources */ = {isa = PBXBuildFile; fileRef = 8C8F0E6CEEAC0341ADC58DCE /* AccountStopsView.swift */; };
		5D29D5A948AD1618A9D6EBB2 /* ExpenseStore.swift in Sources */ = {isa = PBXBuildFile; fileRef = 5996AC2B67B4359151F40773 /* ExpenseStore.swift */; };
		5E53245056848A3490306843 /* MemberInviteView.swift in Sources */ = {isa = PBXBuildFile; fileRef = 5B67A9E000EDEBACEDA383C0 /* MemberInviteView.swift */; };
		62D8D612FD80BF4C6EDD2B4B /* StopEditorView.swift in Sources */ = {isa = PBXBuildFile; fileRef = E8673B61A33C58C650B05B56 /* StopEditorView.swift */; };
		63250E33AB66EC4D9F9CC7BA /* JournalEntry.swift in Sources */ = {isa = PBXBuildFile; fileRef = 2EAFE219BA8402205F2B4D91 /* JournalEntry.swift */; };
		6642C214B22A4BEFC8510FC3 /* TripWorkspaceStore.swift in Sources */ = {isa = PBXBuildFile; fileRef = AE5D628F94AB556FE9D36ECD /* TripWorkspaceStore.swift */; };
		68B14299CB90DBF724E88AA2 /* Models.swift in Sources */ = {isa = PBXBuildFile; fileRef = DC44A961C70396158E35B2A1 /* Models.swift */; };
		693934A74992D1B4067B8F14 /* SignInView.swift in Sources */ = {isa = PBXBuildFile; fileRef = 7756E3E11615E135A656BFAB /* SignInView.swift */; };
		69DC5A10A13AE08E1F9CEDC3 /* lv-a0-listen-sveiki.wav in Resources */ = {isa = PBXBuildFile; fileRef = E37D025A8C64E0D219CF91D5 /* lv-a0-listen-sveiki.wav */; };
		6A8F57A39EEEB2A7FA64075F /* Expense.swift in Sources */ = {isa = PBXBuildFile; fileRef = 5BB332D14823389349D9F9A9 /* Expense.swift */; };
		6DB49F6FDA63B6E497513F8E /* StayContactProfileStore.swift in Sources */ = {isa = PBXBuildFile; fileRef = 5F74EC0068F98CB8265C4B89 /* StayContactProfileStore.swift */; };
		6EA5D3285D7A6FC7A3A7E3D3 /* AccountModels.swift in Sources */ = {isa = PBXBuildFile; fileRef = 45EA2D2DAE7C357998901565 /* AccountModels.swift */; };
		6FF4D6EBE93C8C9748205DB8 /* RouteBuilderView.swift in Sources */ = {isa = PBXBuildFile; fileRef = 152914230381950540AF3C38 /* RouteBuilderView.swift */; };
		73E54B6EC9AF640FB442E727 /* DocumentVaultView.swift in Sources */ = {isa = PBXBuildFile; fileRef = 4198F36A45B4A90AFAEB6D59 /* DocumentVaultView.swift */; };
		749D8D1E76BF2484862D1567 /* PlaceSearchService.swift in Sources */ = {isa = PBXBuildFile; fileRef = 391DEFDE6920265A7D8C60AD /* PlaceSearchService.swift */; };
		757502C0180B0C08065C603D /* AltimeterService.swift in Sources */ = {isa = PBXBuildFile; fileRef = 805F78AAB9DA84F69009C2E2 /* AltimeterService.swift */; };
		77F34D3C5BFAC1E0F9C01DE9 /* VignettesView.swift in Sources */ = {isa = PBXBuildFile; fileRef = BA4F669DC75CC46692AB425F /* VignettesView.swift */; };
		7C79D592A14CF275B665F4C4 /* RoadFeedCard.swift in Sources */ = {isa = PBXBuildFile; fileRef = BC2167794D2466CE9840E18E /* RoadFeedCard.swift */; };
		7E537C5724BCAD205276581C /* ToolsView.swift in Sources */ = {isa = PBXBuildFile; fileRef = 2D8C58A0890E58CEDB4C1744 /* ToolsView.swift */; };
		80D069BE86856E1692DEFA19 /* RoleStore.swift in Sources */ = {isa = PBXBuildFile; fileRef = FD89E5E26EFF2B73661787B4 /* RoleStore.swift */; };
		819C7A10A5135905BECC845D /* PhotoJournalView.swift in Sources */ = {isa = PBXBuildFile; fileRef = E5A0D47F97A6BC761EC4A1D7 /* PhotoJournalView.swift */; };
		824EE6AFA799BA7C35C68EDA /* TripSettingsView.swift in Sources */ = {isa = PBXBuildFile; fileRef = EC538794F9ED1EDBD743061F /* TripSettingsView.swift */; };
		83113E5D1FBE09DAB2A20E48 /* PlanScreen.swift in Sources */ = {isa = PBXBuildFile; fileRef = 4CC66F61F5A93C2097EF6381 /* PlanScreen.swift */; };
		87236A869E46056C5C288964 /* PlanPublisher.swift in Sources */ = {isa = PBXBuildFile; fileRef = 0E7775AD4AAF14FD3D40306D /* PlanPublisher.swift */; };
		883BEC398B00CCF797F0D409 /* LegLauncher.swift in Sources */ = {isa = PBXBuildFile; fileRef = 05D5793C563AFD183A7B436D /* LegLauncher.swift */; };
		89784D251FA5CFB972CFACF6 /* KaravanApp.swift in Sources */ = {isa = PBXBuildFile; fileRef = 48DBB19FBCDD52DE1F4E55F8 /* KaravanApp.swift */; };
		8A8CCD1D954E11A6C346CFB6 /* AppleMapsService.swift in Sources */ = {isa = PBXBuildFile; fileRef = 31D0A33B6EDB7280B5616C20 /* AppleMapsService.swift */; };
		8B1F02A46352AE9EC070FBFA /* TripActivityAttributes.swift in Sources */ = {isa = PBXBuildFile; fileRef = BBD2D245D3ADDC9A38B3E287 /* TripActivityAttributes.swift */; };
		8E67C1D2643A6A1CCA151B8A /* VoiceExpenseView.swift in Sources */ = {isa = PBXBuildFile; fileRef = 29ABE562CEC889DE4C44F20A /* VoiceExpenseView.swift */; };
		905C9DA1A6B44AABF80B09A2 /* RouteAnnouncementPolicy.swift in Sources */ = {isa = PBXBuildFile; fileRef = F6C3FE82A4D2A72C6C58B545 /* RouteAnnouncementPolicy.swift */; };
		91A7A4AF00849EC63ACF1005 /* RouteDraft.swift in Sources */ = {isa = PBXBuildFile; fileRef = 951D0A85ADCE46B95E28C1FF /* RouteDraft.swift */; };
		97E4A7C1666A8B3E0DB1F8F3 /* AccountPreviewFixtures.swift in Sources */ = {isa = PBXBuildFile; fileRef = 82F38AF9528057CFB313385F /* AccountPreviewFixtures.swift */; };
		98203BBB392444D23B4B8A7D /* lv-a0-phoneme-long-a.wav in Resources */ = {isa = PBXBuildFile; fileRef = 60381A80163D3A30637AF850 /* lv-a0-phoneme-long-a.wav */; };
		99F5012B3D2DA7222B949BC2 /* JournalPhotoPicker.swift in Sources */ = {isa = PBXBuildFile; fileRef = 6E826910845682027B3A136D /* JournalPhotoPicker.swift */; };
		9D272A9C456DA5941DE1E972 /* lv-a0-speak-labdien.wav in Resources */ = {isa = PBXBuildFile; fileRef = 3D9F3A0BB3C15CC80EAAB4C3 /* lv-a0-speak-labdien.wav */; };
		9D2EE3E601345925BDEA151D /* PublishOutbox.swift in Sources */ = {isa = PBXBuildFile; fileRef = 0D37D4838C53B2F0A2D94B66 /* PublishOutbox.swift */; };
		9D65F8215A7804576B305FB9 /* StopExploreView.swift in Sources */ = {isa = PBXBuildFile; fileRef = 25CA028A20B4BE8F4D0ED411 /* StopExploreView.swift */; };
		9D8DDBECC20E225D43C47798 /* JournalQueue.swift in Sources */ = {isa = PBXBuildFile; fileRef = 03DCAD8D74B488556BEED891 /* JournalQueue.swift */; };
		9FE1623DC11C12E120FA10A9 /* lv-a0-dictation-paldies.wav in Resources */ = {isa = PBXBuildFile; fileRef = F15DDC22F4EC6AF24FFF8A56 /* lv-a0-dictation-paldies.wav */; };
		A59FFDEF88DDBE3125C26C1A /* TripNotifier.swift in Sources */ = {isa = PBXBuildFile; fileRef = 69D701532F19396FBF2875EA /* TripNotifier.swift */; };
		A8B7417A211FD806F76F1893 /* RoutePreviewService.swift in Sources */ = {isa = PBXBuildFile; fileRef = 74E0A3E285ECB438FA9A8C55 /* RoutePreviewService.swift */; };
		A9E4066FE143338D37E04117 /* SharedSnapshot.swift in Sources */ = {isa = PBXBuildFile; fileRef = 6AB974EC178B45C5E8C2D43D /* SharedSnapshot.swift */; };
		ADA7F1305B6AE1417A407E29 /* MusicView.swift in Sources */ = {isa = PBXBuildFile; fileRef = B705A452531409FB221BD87E /* MusicView.swift */; };
		B097F1FC8BAE0FF53C1BA62D /* MusicPlayer.swift in Sources */ = {isa = PBXBuildFile; fileRef = ED5BDD8DBD5C0590C5E1BC5F /* MusicPlayer.swift */; };
		B3292928A880EA90FBC6160A /* Adaptive.swift in Sources */ = {isa = PBXBuildFile; fileRef = 1D776FB862EE977F4B986DF6 /* Adaptive.swift */; };
		B47A0043B3BC95932E1E9FF4 /* NavProgressStore.swift in Sources */ = {isa = PBXBuildFile; fileRef = 482F782E822AB4C91884E391 /* NavProgressStore.swift */; };
		B4D8467D64E08646A26D74A5 /* RouteStepPolicy.swift in Sources */ = {isa = PBXBuildFile; fileRef = F573345B05D38B533D7AC738 /* RouteStepPolicy.swift */; };
		B5BB5F4E53ED589205C49D3C /* DayGalleryView.swift in Sources */ = {isa = PBXBuildFile; fileRef = 8B055BA45F55F6532F6A8AC1 /* DayGalleryView.swift */; };
		B6457A92111DDF5D3124F173 /* LiveActivityManager.swift in Sources */ = {isa = PBXBuildFile; fileRef = CE6790699333DDE82AB63E47 /* LiveActivityManager.swift */; };
		B65BD13ED30E6DDEF50DE64A /* JournalCloud.swift in Sources */ = {isa = PBXBuildFile; fileRef = CA874B77CFA113ECD47C697F /* JournalCloud.swift */; };
		BAB25C259F8D50E1A0C11988 /* AnnouncementEngine.swift in Sources */ = {isa = PBXBuildFile; fileRef = 595B5CFD2B80EBAC767989A6 /* AnnouncementEngine.swift */; };
		BB1181756AD31C2121B413CD /* CountdownView.swift in Sources */ = {isa = PBXBuildFile; fileRef = CD74465F353E94FA714455D0 /* CountdownView.swift */; };
		BE94D409F9E37AE2C0E79B9C /* WeatherService.swift in Sources */ = {isa = PBXBuildFile; fileRef = DEB2A1F70C4BD191A5BA233B /* WeatherService.swift */; };
		BF9C7C9EDC24B870DA0927BB /* LatvianLearningModels.swift in Sources */ = {isa = PBXBuildFile; fileRef = 8ED9A015C9972CDA01D41F9A /* LatvianLearningModels.swift */; };
		C11853ABEDB233B5100F09D2 /* ExpensesView.swift in Sources */ = {isa = PBXBuildFile; fileRef = 370CBB45D2A76FE6AC6681D0 /* ExpensesView.swift */; };
		C1B584C0CEEF5E5EDC3E249B /* TripPlanStore.swift in Sources */ = {isa = PBXBuildFile; fileRef = 48245403E32764040394E43C /* TripPlanStore.swift */; };
		C1CD5BD742E28B2406B8C33B /* CampImage.swift in Sources */ = {isa = PBXBuildFile; fileRef = 45DECAA1995A716526093E8C /* CampImage.swift */; };
		C2A736BDB038838C86575507 /* learning-lv-tr-starter.json in Resources */ = {isa = PBXBuildFile; fileRef = 0D4FDDA724C90A444C3A074E /* learning-lv-tr-starter.json */; };
		C35AE28C1535B5AE4E04BE01 /* ArrivalTargetPickerView.swift in Sources */ = {isa = PBXBuildFile; fileRef = 133D28C12AF8362B15AAF88E /* ArrivalTargetPickerView.swift */; };
		C5D29D91ED0FEEC34F0D3DF2 /* KeychainTokenStore.swift in Sources */ = {isa = PBXBuildFile; fileRef = 10E247B43DD7D356C7BA213B /* KeychainTokenStore.swift */; };
		CA910C0B4E3D7EBCB3B0CE55 /* TripsHomeView.swift in Sources */ = {isa = PBXBuildFile; fileRef = C8C3BF1BEDB7AD0BB8B471AA /* TripsHomeView.swift */; };
		CCB6AEAC47B82E9BEC59EFC4 /* SharedSnapshot.swift in Sources */ = {isa = PBXBuildFile; fileRef = 6AB974EC178B45C5E8C2D43D /* SharedSnapshot.swift */; };
		CE98879A4FE6A17406145259 /* AccountMenuView.swift in Sources */ = {isa = PBXBuildFile; fileRef = 3D10B03E5964F14677E5F5C0 /* AccountMenuView.swift */; };
		D16651F68754C7555A38ECE3 /* ArrivalPlaceSearchService.swift in Sources */ = {isa = PBXBuildFile; fileRef = 07096E0DFF182AF890A5AA66 /* ArrivalPlaceSearchService.swift */; };
		D4C0ABC850E6032EEF97CDE7 /* JournalComposeView.swift in Sources */ = {isa = PBXBuildFile; fileRef = D15A7CA5BF2EB50B47129E9B /* JournalComposeView.swift */; };
		D639120DCFB9ED1C9D94A027 /* trip.json in Resources */ = {isa = PBXBuildFile; fileRef = 854400F42C0A6BF3D1C19B27 /* trip.json */; };
		DCA192F45DFD629CE1326455 /* DayDetailView.swift in Sources */ = {isa = PBXBuildFile; fileRef = 50EC37896D44D59908E84F08 /* DayDetailView.swift */; };
		DD0EDC6C525BA8C722EFFB8F /* AnnouncementAudio.swift in Sources */ = {isa = PBXBuildFile; fileRef = 0521A93D4BC40C937DF85C12 /* AnnouncementAudio.swift */; };
		DD27A9E6C1CCB53B5B5F0E24 /* LocationManager.swift in Sources */ = {isa = PBXBuildFile; fileRef = 21B82E5004A631A77716317D /* LocationManager.swift */; };
		DF5A237E41CA4173E3B5904C /* ArrivalTarget.swift in Sources */ = {isa = PBXBuildFile; fileRef = 8A527A4E704CE076BEDB5E68 /* ArrivalTarget.swift */; };
		DFDDFC0C50FBD902FED9A14E /* ArrivalTargetCard.swift in Sources */ = {isa = PBXBuildFile; fileRef = 96EB120F6B3CEED16E316CB7 /* ArrivalTargetCard.swift */; };
		E0F513EC31511B915B78587B /* AccountSessionStore.swift in Sources */ = {isa = PBXBuildFile; fileRef = 79E023B62FCBECADC69DABCB /* AccountSessionStore.swift */; };
		E4C01FD27953FBA51E4F5EE2 /* AnnouncementService.swift in Sources */ = {isa = PBXBuildFile; fileRef = 4F739F17C393A922A8DB2D1B /* AnnouncementService.swift */; };
		E7CC729324E01B0041BFBEE5 /* LiveLocationCard.swift in Sources */ = {isa = PBXBuildFile; fileRef = 8C443FE724E722869D208BAC /* LiveLocationCard.swift */; };
		EDF70A6B777B56819BDB016C /* RoadFeedService.swift in Sources */ = {isa = PBXBuildFile; fileRef = 6E08E05BDE1D73F0761AE46D /* RoadFeedService.swift */; };
		EE7E4F5FFF6937FF414394D1 /* TripStore.swift in Sources */ = {isa = PBXBuildFile; fileRef = 5CFA86E52D515272F7F13F10 /* TripStore.swift */; };
		EF3F584FDB22426380668F50 /* MapScreen.swift in Sources */ = {isa = PBXBuildFile; fileRef = 86097054B82CA8512E4AA874 /* MapScreen.swift */; };
		F141E4DDF91017C2B4BE29E0 /* TripActivityAttributes.swift in Sources */ = {isa = PBXBuildFile; fileRef = BBD2D245D3ADDC9A38B3E287 /* TripActivityAttributes.swift */; };
		F3FF95676307867E576FCA49 /* NotificationRules.swift in Sources */ = {isa = PBXBuildFile; fileRef = DB162821D5118BBCDA717991 /* NotificationRules.swift */; };
		F9AC44806989F94432E793EB /* UpdateChecker.swift in Sources */ = {isa = PBXBuildFile; fileRef = 28813A01A61F007F63AFB19A /* UpdateChecker.swift */; };
		FA3A58E4C230882AAD9F18EB /* Notifications.swift in Sources */ = {isa = PBXBuildFile; fileRef = 5DC95431B932CB4DFD5412C9 /* Notifications.swift */; };
		FAD7DD8D7AC36626072723B3 /* Theme.swift in Sources */ = {isa = PBXBuildFile; fileRef = 00954AF5EE56487B60F675E1 /* Theme.swift */; };
/* End PBXBuildFile section */

/* Begin PBXContainerItemProxy section */
		B6D40245E89579400EFFD263 /* PBXContainerItemProxy */ = {
			isa = PBXContainerItemProxy;
			containerPortal = 507E19ED42AFA9950322BDC4 /* Project object */;
			proxyType = 1;
			remoteGlobalIDString = 441C5A360BE7E6D17107BBE4;
			remoteInfo = KuzeyWidgets;
		};
/* End PBXContainerItemProxy section */

/* Begin PBXCopyFilesBuildPhase section */
		12968EAF008BF01E1A5E9C39 /* Embed Foundation Extensions */ = {
			isa = PBXCopyFilesBuildPhase;
			buildActionMask = 2147483647;
			dstPath = "";
			dstSubfolderSpec = 13;
			files = (
				3E6ECC20772D44BE6DDBD7CC /* KuzeyWidgets.appex in Embed Foundation Extensions */,
			);
			name = "Embed Foundation Extensions";
			runOnlyForDeploymentPostprocessing = 0;
		};
/* End PBXCopyFilesBuildPhase section */

/* Begin PBXFileReference section */
		00954AF5EE56487B60F675E1 /* Theme.swift */ = {isa = PBXFileReference; lastKnownFileType = sourcecode.swift; path = Theme.swift; sourceTree = "<group>"; };
		03DCAD8D74B488556BEED891 /* JournalQueue.swift */ = {isa = PBXFileReference; lastKnownFileType = sourcecode.swift; path = JournalQueue.swift; sourceTree = "<group>"; };
		0521A93D4BC40C937DF85C12 /* AnnouncementAudio.swift */ = {isa = PBXFileReference; lastKnownFileType = sourcecode.swift; path = AnnouncementAudio.swift; sourceTree = "<group>"; };
		05D5793C563AFD183A7B436D /* LegLauncher.swift */ = {isa = PBXFileReference; lastKnownFileType = sourcecode.swift; path = LegLauncher.swift; sourceTree = "<group>"; };
		07096E0DFF182AF890A5AA66 /* ArrivalPlaceSearchService.swift */ = {isa = PBXFileReference; lastKnownFileType = sourcecode.swift; path = ArrivalPlaceSearchService.swift; sourceTree = "<group>"; };
		0D37D4838C53B2F0A2D94B66 /* PublishOutbox.swift */ = {isa = PBXFileReference; lastKnownFileType = sourcecode.swift; path = PublishOutbox.swift; sourceTree = "<group>"; };
		0D4FDDA724C90A444C3A074E /* learning-lv-tr-starter.json */ = {isa = PBXFileReference; lastKnownFileType = text.json; path = "learning-lv-tr-starter.json"; sourceTree = "<group>"; };
		0E7775AD4AAF14FD3D40306D /* PlanPublisher.swift */ = {isa = PBXFileReference; lastKnownFileType = sourcecode.swift; path = PlanPublisher.swift; sourceTree = "<group>"; };
		10E247B43DD7D356C7BA213B /* KeychainTokenStore.swift */ = {isa = PBXFileReference; lastKnownFileType = sourcecode.swift; path = KeychainTokenStore.swift; sourceTree = "<group>"; };
		12D367783540C02B49F8BEF5 /* LatvianLearningStore.swift */ = {isa = PBXFileReference; lastKnownFileType = sourcecode.swift; path = LatvianLearningStore.swift; sourceTree = "<group>"; };
		133D28C12AF8362B15AAF88E /* ArrivalTargetPickerView.swift */ = {isa = PBXFileReference; lastKnownFileType = sourcecode.swift; path = ArrivalTargetPickerView.swift; sourceTree = "<group>"; };
		152914230381950540AF3C38 /* RouteBuilderView.swift */ = {isa = PBXFileReference; lastKnownFileType = sourcecode.swift; path = RouteBuilderView.swift; sourceTree = "<group>"; };
		1D776FB862EE977F4B986DF6 /* Adaptive.swift */ = {isa = PBXFileReference; lastKnownFileType = sourcecode.swift; path = Adaptive.swift; sourceTree = "<group>"; };
		21B82E5004A631A77716317D /* LocationManager.swift */ = {isa = PBXFileReference; lastKnownFileType = sourcecode.swift; path = LocationManager.swift; sourceTree = "<group>"; };
		25CA028A20B4BE8F4D0ED411 /* StopExploreView.swift */ = {isa = PBXFileReference; lastKnownFileType = sourcecode.swift; path = StopExploreView.swift; sourceTree = "<group>"; };
		28429416E3925FE7D2879869 /* KuzeyWidgets.appex */ = {isa = PBXFileReference; includeInIndex = 0; lastKnownFileType = "wrapper.app-extension"; path = KuzeyWidgets.appex; sourceTree = BUILT_PRODUCTS_DIR; };
		28813A01A61F007F63AFB19A /* UpdateChecker.swift */ = {isa = PBXFileReference; lastKnownFileType = sourcecode.swift; path = UpdateChecker.swift; sourceTree = "<group>"; };
		29ABE562CEC889DE4C44F20A /* VoiceExpenseView.swift */ = {isa = PBXFileReference; lastKnownFileType = sourcecode.swift; path = VoiceExpenseView.swift; sourceTree = "<group>"; };
		2D8C58A0890E58CEDB4C1744 /* ToolsView.swift */ = {isa = PBXFileReference; lastKnownFileType = sourcecode.swift; path = ToolsView.swift; sourceTree = "<group>"; };
		2EAFE219BA8402205F2B4D91 /* JournalEntry.swift */ = {isa = PBXFileReference; lastKnownFileType = sourcecode.swift; path = JournalEntry.swift; sourceTree = "<group>"; };
		31D0A33B6EDB7280B5616C20 /* AppleMapsService.swift */ = {isa = PBXFileReference; lastKnownFileType = sourcecode.swift; path = AppleMapsService.swift; sourceTree = "<group>"; };
		35155F1CE413BCBF9F18829E /* Navigation.swift */ = {isa = PBXFileReference; lastKnownFileType = sourcecode.swift; path = Navigation.swift; sourceTree = "<group>"; };
		370CBB45D2A76FE6AC6681D0 /* ExpensesView.swift */ = {isa = PBXFileReference; lastKnownFileType = sourcecode.swift; path = ExpensesView.swift; sourceTree = "<group>"; };
		391DEFDE6920265A7D8C60AD /* PlaceSearchService.swift */ = {isa = PBXFileReference; lastKnownFileType = sourcecode.swift; path = PlaceSearchService.swift; sourceTree = "<group>"; };
		39518EF9591A8B60BC9FB024 /* Kuzey.app */ = {isa = PBXFileReference; includeInIndex = 0; lastKnownFileType = wrapper.application; path = Kuzey.app; sourceTree = BUILT_PRODUCTS_DIR; };
		3D10B03E5964F14677E5F5C0 /* AccountMenuView.swift */ = {isa = PBXFileReference; lastKnownFileType = sourcecode.swift; path = AccountMenuView.swift; sourceTree = "<group>"; };
		3D9F3A0BB3C15CC80EAAB4C3 /* lv-a0-speak-labdien.wav */ = {isa = PBXFileReference; lastKnownFileType = audio.wav; path = "lv-a0-speak-labdien.wav"; sourceTree = "<group>"; };
		3DF4A17AEA5D744333A66588 /* ArrivalTargetEditorView.swift */ = {isa = PBXFileReference; lastKnownFileType = sourcecode.swift; path = ArrivalTargetEditorView.swift; sourceTree = "<group>"; };
		4198F36A45B4A90AFAEB6D59 /* DocumentVaultView.swift */ = {isa = PBXFileReference; lastKnownFileType = sourcecode.swift; path = DocumentVaultView.swift; sourceTree = "<group>"; };
		45DECAA1995A716526093E8C /* CampImage.swift */ = {isa = PBXFileReference; lastKnownFileType = sourcecode.swift; path = CampImage.swift; sourceTree = "<group>"; };
		45EA2D2DAE7C357998901565 /* AccountModels.swift */ = {isa = PBXFileReference; lastKnownFileType = sourcecode.swift; path = AccountModels.swift; sourceTree = "<group>"; };
		48245403E32764040394E43C /* TripPlanStore.swift */ = {isa = PBXFileReference; lastKnownFileType = sourcecode.swift; path = TripPlanStore.swift; sourceTree = "<group>"; };
		482F782E822AB4C91884E391 /* NavProgressStore.swift */ = {isa = PBXFileReference; lastKnownFileType = sourcecode.swift; path = NavProgressStore.swift; sourceTree = "<group>"; };
		48DBB19FBCDD52DE1F4E55F8 /* KaravanApp.swift */ = {isa = PBXFileReference; lastKnownFileType = sourcecode.swift; path = KaravanApp.swift; sourceTree = "<group>"; };
		4CC66F61F5A93C2097EF6381 /* PlanScreen.swift */ = {isa = PBXFileReference; lastKnownFileType = sourcecode.swift; path = PlanScreen.swift; sourceTree = "<group>"; };
		4D158F3DF63E4C9036FB22C7 /* Config.swift */ = {isa = PBXFileReference; lastKnownFileType = sourcecode.swift; path = Config.swift; sourceTree = "<group>"; };
		4E679A8CA63C95098745605F /* AccountAPI.swift */ = {isa = PBXFileReference; lastKnownFileType = sourcecode.swift; path = AccountAPI.swift; sourceTree = "<group>"; };
		4F739F17C393A922A8DB2D1B /* AnnouncementService.swift */ = {isa = PBXFileReference; lastKnownFileType = sourcecode.swift; path = AnnouncementService.swift; sourceTree = "<group>"; };
		50EC37896D44D59908E84F08 /* DayDetailView.swift */ = {isa = PBXFileReference; lastKnownFileType = sourcecode.swift; path = DayDetailView.swift; sourceTree = "<group>"; };
		50F734E88085ED4D6DE9044E /* announcements.json */ = {isa = PBXFileReference; lastKnownFileType = text.json; path = announcements.json; sourceTree = "<group>"; };
		5516267C5F1A1EBE3E7C8578 /* AnnouncementCatalog.swift */ = {isa = PBXFileReference; lastKnownFileType = sourcecode.swift; path = AnnouncementCatalog.swift; sourceTree = "<group>"; };
		56F692B7FF04A1EEFEC89D44 /* GalleryStore.swift */ = {isa = PBXFileReference; lastKnownFileType = sourcecode.swift; path = GalleryStore.swift; sourceTree = "<group>"; };
		5812269C44F69EBD88B82194 /* LatvianLearningView.swift */ = {isa = PBXFileReference; lastKnownFileType = sourcecode.swift; path = LatvianLearningView.swift; sourceTree = "<group>"; };
		595B5CFD2B80EBAC767989A6 /* AnnouncementEngine.swift */ = {isa = PBXFileReference; lastKnownFileType = sourcecode.swift; path = AnnouncementEngine.swift; sourceTree = "<group>"; };
		5996AC2B67B4359151F40773 /* ExpenseStore.swift */ = {isa = PBXFileReference; lastKnownFileType = sourcecode.swift; path = ExpenseStore.swift; sourceTree = "<group>"; };
		5A355D39936226682FC6D705 /* PlacePickerView.swift */ = {isa = PBXFileReference; lastKnownFileType = sourcecode.swift; path = PlacePickerView.swift; sourceTree = "<group>"; };
		5A9CB73E03C832207007A05A /* ContentView.swift */ = {isa = PBXFileReference; lastKnownFileType = sourcecode.swift; path = ContentView.swift; sourceTree = "<group>"; };
		5B67A9E000EDEBACEDA383C0 /* MemberInviteView.swift */ = {isa = PBXFileReference; lastKnownFileType = sourcecode.swift; path = MemberInviteView.swift; sourceTree = "<group>"; };
		5BB332D14823389349D9F9A9 /* Expense.swift */ = {isa = PBXFileReference; lastKnownFileType = sourcecode.swift; path = Expense.swift; sourceTree = "<group>"; };
		5C7EEECFB85FD9D0085B7042 /* KuzeyWidgets.entitlements */ = {isa = PBXFileReference; lastKnownFileType = text.plist.entitlements; path = KuzeyWidgets.entitlements; sourceTree = "<group>"; };
		5CFA86E52D515272F7F13F10 /* TripStore.swift */ = {isa = PBXFileReference; lastKnownFileType = sourcecode.swift; path = TripStore.swift; sourceTree = "<group>"; };
		5D4F8488E7E8ACA586661498 /* MembersView.swift */ = {isa = PBXFileReference; lastKnownFileType = sourcecode.swift; path = MembersView.swift; sourceTree = "<group>"; };
		5DC95431B932CB4DFD5412C9 /* Notifications.swift */ = {isa = PBXFileReference; lastKnownFileType = sourcecode.swift; path = Notifications.swift; sourceTree = "<group>"; };
		5F74EC0068F98CB8265C4B89 /* StayContactProfileStore.swift */ = {isa = PBXFileReference; lastKnownFileType = sourcecode.swift; path = StayContactProfileStore.swift; sourceTree = "<group>"; };
		60381A80163D3A30637AF850 /* lv-a0-phoneme-long-a.wav */ = {isa = PBXFileReference; lastKnownFileType = audio.wav; path = "lv-a0-phoneme-long-a.wav"; sourceTree = "<group>"; };
		60D39C5F92694220AE03C259 /* AppIntentsSupport.swift */ = {isa = PBXFileReference; lastKnownFileType = sourcecode.swift; path = AppIntentsSupport.swift; sourceTree = "<group>"; };
		69D701532F19396FBF2875EA /* TripNotifier.swift */ = {isa = PBXFileReference; lastKnownFileType = sourcecode.swift; path = TripNotifier.swift; sourceTree = "<group>"; };
		6AB974EC178B45C5E8C2D43D /* SharedSnapshot.swift */ = {isa = PBXFileReference; lastKnownFileType = sourcecode.swift; path = SharedSnapshot.swift; sourceTree = "<group>"; };
		6E08E05BDE1D73F0761AE46D /* RoadFeedService.swift */ = {isa = PBXFileReference; lastKnownFileType = sourcecode.swift; path = RoadFeedService.swift; sourceTree = "<group>"; };
		6E826910845682027B3A136D /* JournalPhotoPicker.swift */ = {isa = PBXFileReference; lastKnownFileType = sourcecode.swift; path = JournalPhotoPicker.swift; sourceTree = "<group>"; };
		74E0A3E285ECB438FA9A8C55 /* RoutePreviewService.swift */ = {isa = PBXFileReference; lastKnownFileType = sourcecode.swift; path = RoutePreviewService.swift; sourceTree = "<group>"; };
		7756E3E11615E135A656BFAB /* SignInView.swift */ = {isa = PBXFileReference; lastKnownFileType = sourcecode.swift; path = SignInView.swift; sourceTree = "<group>"; };
		79E023B62FCBECADC69DABCB /* AccountSessionStore.swift */ = {isa = PBXFileReference; lastKnownFileType = sourcecode.swift; path = AccountSessionStore.swift; sourceTree = "<group>"; };
		805F78AAB9DA84F69009C2E2 /* AltimeterService.swift */ = {isa = PBXFileReference; lastKnownFileType = sourcecode.swift; path = AltimeterService.swift; sourceTree = "<group>"; };
		81CE9A05E62626B4DCFCFF0D /* JournalStore.swift */ = {isa = PBXFileReference; lastKnownFileType = sourcecode.swift; path = JournalStore.swift; sourceTree = "<group>"; };
		82F38AF9528057CFB313385F /* AccountPreviewFixtures.swift */ = {isa = PBXFileReference; lastKnownFileType = sourcecode.swift; path = AccountPreviewFixtures.swift; sourceTree = "<group>"; };
		854400F42C0A6BF3D1C19B27 /* trip.json */ = {isa = PBXFileReference; lastKnownFileType = text.json; path = trip.json; sourceTree = "<group>"; };
		86097054B82CA8512E4AA874 /* MapScreen.swift */ = {isa = PBXFileReference; lastKnownFileType = sourcecode.swift; path = MapScreen.swift; sourceTree = "<group>"; };
		8A527A4E704CE076BEDB5E68 /* ArrivalTarget.swift */ = {isa = PBXFileReference; lastKnownFileType = sourcecode.swift; path = ArrivalTarget.swift; sourceTree = "<group>"; };
		8B055BA45F55F6532F6A8AC1 /* DayGalleryView.swift */ = {isa = PBXFileReference; lastKnownFileType = sourcecode.swift; path = DayGalleryView.swift; sourceTree = "<group>"; };
		8C443FE724E722869D208BAC /* LiveLocationCard.swift */ = {isa = PBXFileReference; lastKnownFileType = sourcecode.swift; path = LiveLocationCard.swift; sourceTree = "<group>"; };
		8C8F0E6CEEAC0341ADC58DCE /* AccountStopsView.swift */ = {isa = PBXFileReference; lastKnownFileType = sourcecode.swift; path = AccountStopsView.swift; sourceTree = "<group>"; };
		8ED9A015C9972CDA01D41F9A /* LatvianLearningModels.swift */ = {isa = PBXFileReference; lastKnownFileType = sourcecode.swift; path = LatvianLearningModels.swift; sourceTree = "<group>"; };
		8FCA86BC2BD7CA0F2439A51B /* JournalView.swift */ = {isa = PBXFileReference; lastKnownFileType = sourcecode.swift; path = JournalView.swift; sourceTree = "<group>"; };
		92433716A15BEBCD592B63E2 /* KuzeyWidgets.swift */ = {isa = PBXFileReference; lastKnownFileType = sourcecode.swift; path = KuzeyWidgets.swift; sourceTree = "<group>"; };
		951D0A85ADCE46B95E28C1FF /* RouteDraft.swift */ = {isa = PBXFileReference; lastKnownFileType = sourcecode.swift; path = RouteDraft.swift; sourceTree = "<group>"; };
		96EB120F6B3CEED16E316CB7 /* ArrivalTargetCard.swift */ = {isa = PBXFileReference; lastKnownFileType = sourcecode.swift; path = ArrivalTargetCard.swift; sourceTree = "<group>"; };
		9AEF46AA6EEEAA6BB1DFD19E /* Assets.xcassets */ = {isa = PBXFileReference; lastKnownFileType = folder.assetcatalog; path = Assets.xcassets; sourceTree = "<group>"; };
		9F5C959C02D3AEB61D35B2E4 /* DashboardView.swift */ = {isa = PBXFileReference; lastKnownFileType = sourcecode.swift; path = DashboardView.swift; sourceTree = "<group>"; };
		AA9EC5D3FE46DF622AC25DD1 /* NotificationBudget.swift */ = {isa = PBXFileReference; lastKnownFileType = sourcecode.swift; path = NotificationBudget.swift; sourceTree = "<group>"; };
		AB48E89533130C8995F3673F /* DepartureModal.swift */ = {isa = PBXFileReference; lastKnownFileType = sourcecode.swift; path = DepartureModal.swift; sourceTree = "<group>"; };
		AE5D628F94AB556FE9D36ECD /* TripWorkspaceStore.swift */ = {isa = PBXFileReference; lastKnownFileType = sourcecode.swift; path = TripWorkspaceStore.swift; sourceTree = "<group>"; };
		B4035201F31588EB77A1717A /* TripPlanner.swift */ = {isa = PBXFileReference; lastKnownFileType = sourcecode.swift; path = TripPlanner.swift; sourceTree = "<group>"; };
		B705A452531409FB221BD87E /* MusicView.swift */ = {isa = PBXFileReference; lastKnownFileType = sourcecode.swift; path = MusicView.swift; sourceTree = "<group>"; };
		BA4F669DC75CC46692AB425F /* VignettesView.swift */ = {isa = PBXFileReference; lastKnownFileType = sourcecode.swift; path = VignettesView.swift; sourceTree = "<group>"; };
		BBD2D245D3ADDC9A38B3E287 /* TripActivityAttributes.swift */ = {isa = PBXFileReference; lastKnownFileType = sourcecode.swift; path = TripActivityAttributes.swift; sourceTree = "<group>"; };
		BC2167794D2466CE9840E18E /* RoadFeedCard.swift */ = {isa = PBXFileReference; lastKnownFileType = sourcecode.swift; path = RoadFeedCard.swift; sourceTree = "<group>"; };
		BF11ED9C0D36687D9A03CBB8 /* ScannerView.swift */ = {isa = PBXFileReference; lastKnownFileType = sourcecode.swift; path = ScannerView.swift; sourceTree = "<group>"; };
		C8C3BF1BEDB7AD0BB8B471AA /* TripsHomeView.swift */ = {isa = PBXFileReference; lastKnownFileType = sourcecode.swift; path = TripsHomeView.swift; sourceTree = "<group>"; };
		CA874B77CFA113ECD47C697F /* JournalCloud.swift */ = {isa = PBXFileReference; lastKnownFileType = sourcecode.swift; path = JournalCloud.swift; sourceTree = "<group>"; };
		CC31A690DED678C7D744BD9E /* Info.plist */ = {isa = PBXFileReference; lastKnownFileType = text.plist; path = Info.plist; sourceTree = "<group>"; };
		CD74465F353E94FA714455D0 /* CountdownView.swift */ = {isa = PBXFileReference; lastKnownFileType = sourcecode.swift; path = CountdownView.swift; sourceTree = "<group>"; };
		CE6790699333DDE82AB63E47 /* LiveActivityManager.swift */ = {isa = PBXFileReference; lastKnownFileType = sourcecode.swift; path = LiveActivityManager.swift; sourceTree = "<group>"; };
		D15A7CA5BF2EB50B47129E9B /* JournalComposeView.swift */ = {isa = PBXFileReference; lastKnownFileType = sourcecode.swift; path = JournalComposeView.swift; sourceTree = "<group>"; };
		DB162821D5118BBCDA717991 /* NotificationRules.swift */ = {isa = PBXFileReference; lastKnownFileType = sourcecode.swift; path = NotificationRules.swift; sourceTree = "<group>"; };
		DC44A961C70396158E35B2A1 /* Models.swift */ = {isa = PBXFileReference; lastKnownFileType = sourcecode.swift; path = Models.swift; sourceTree = "<group>"; };
		DEB2A1F70C4BD191A5BA233B /* WeatherService.swift */ = {isa = PBXFileReference; lastKnownFileType = sourcecode.swift; path = WeatherService.swift; sourceTree = "<group>"; };
		DEDCB70244A1866C05724B7B /* RouteStore.swift */ = {isa = PBXFileReference; lastKnownFileType = sourcecode.swift; path = RouteStore.swift; sourceTree = "<group>"; };
		E37D025A8C64E0D219CF91D5 /* lv-a0-listen-sveiki.wav */ = {isa = PBXFileReference; lastKnownFileType = audio.wav; path = "lv-a0-listen-sveiki.wav"; sourceTree = "<group>"; };
		E5A0D47F97A6BC761EC4A1D7 /* PhotoJournalView.swift */ = {isa = PBXFileReference; lastKnownFileType = sourcecode.swift; path = PhotoJournalView.swift; sourceTree = "<group>"; };
		E8673B61A33C58C650B05B56 /* StopEditorView.swift */ = {isa = PBXFileReference; lastKnownFileType = sourcecode.swift; path = StopEditorView.swift; sourceTree = "<group>"; };
		EC538794F9ED1EDBD743061F /* TripSettingsView.swift */ = {isa = PBXFileReference; lastKnownFileType = sourcecode.swift; path = TripSettingsView.swift; sourceTree = "<group>"; };
		ED5BDD8DBD5C0590C5E1BC5F /* MusicPlayer.swift */ = {isa = PBXFileReference; lastKnownFileType = sourcecode.swift; path = MusicPlayer.swift; sourceTree = "<group>"; };
		F15DDC22F4EC6AF24FFF8A56 /* lv-a0-dictation-paldies.wav */ = {isa = PBXFileReference; lastKnownFileType = audio.wav; path = "lv-a0-dictation-paldies.wav"; sourceTree = "<group>"; };
		F19E1ECFBF25163C68CD2418 /* LatvianLearningAudioPlayer.swift */ = {isa = PBXFileReference; lastKnownFileType = sourcecode.swift; path = LatvianLearningAudioPlayer.swift; sourceTree = "<group>"; };
		F573345B05D38B533D7AC738 /* RouteStepPolicy.swift */ = {isa = PBXFileReference; lastKnownFileType = sourcecode.swift; path = RouteStepPolicy.swift; sourceTree = "<group>"; };
		F6BF3B286DB9B16B42FE2661 /* SpeechRecorder.swift */ = {isa = PBXFileReference; lastKnownFileType = sourcecode.swift; path = SpeechRecorder.swift; sourceTree = "<group>"; };
		F6C3FE82A4D2A72C6C58B545 /* RouteAnnouncementPolicy.swift */ = {isa = PBXFileReference; lastKnownFileType = sourcecode.swift; path = RouteAnnouncementPolicy.swift; sourceTree = "<group>"; };
		F7D97DFDF05438A70096EC2B /* Kuzey.entitlements */ = {isa = PBXFileReference; lastKnownFileType = text.plist.entitlements; path = Kuzey.entitlements; sourceTree = "<group>"; };
		FD89E5E26EFF2B73661787B4 /* RoleStore.swift */ = {isa = PBXFileReference; lastKnownFileType = sourcecode.swift; path = RoleStore.swift; sourceTree = "<group>"; };
		FFCA663A470C8DD3B775062E /* DayEditView.swift */ = {isa = PBXFileReference; lastKnownFileType = sourcecode.swift; path = DayEditView.swift; sourceTree = "<group>"; };
/* End PBXFileReference section */

/* Begin PBXGroup section */
		2A250CBCA9C112E1771EF84C /* Journal */ = {
			isa = PBXGroup;
			children = (
				CA874B77CFA113ECD47C697F /* JournalCloud.swift */,
				2EAFE219BA8402205F2B4D91 /* JournalEntry.swift */,
				03DCAD8D74B488556BEED891 /* JournalQueue.swift */,
				81CE9A05E62626B4DCFCFF0D /* JournalStore.swift */,
				F6BF3B286DB9B16B42FE2661 /* SpeechRecorder.swift */,
			);
			path = Journal;
			sourceTree = "<group>";
		};
		342F48173CAFDEA8998C231B /* Journal */ = {
			isa = PBXGroup;
			children = (
				D15A7CA5BF2EB50B47129E9B /* JournalComposeView.swift */,
				6E826910845682027B3A136D /* JournalPhotoPicker.swift */,
				8FCA86BC2BD7CA0F2439A51B /* JournalView.swift */,
			);
			path = Journal;
			sourceTree = "<group>";
		};
		4025E38CD8E68B348D2D74ED /* Routes */ = {
			isa = PBXGroup;
			children = (
				07096E0DFF182AF890A5AA66 /* ArrivalPlaceSearchService.swift */,
				391DEFDE6920265A7D8C60AD /* PlaceSearchService.swift */,
				951D0A85ADCE46B95E28C1FF /* RouteDraft.swift */,
				74E0A3E285ECB438FA9A8C55 /* RoutePreviewService.swift */,
			);
			path = Routes;
			sourceTree = "<group>";
		};
		433F4FB75A37C6DA9CE24E46 /* Karavan */ = {
			isa = PBXGroup;
			children = (
				805F78AAB9DA84F69009C2E2 /* AltimeterService.swift */,
				0521A93D4BC40C937DF85C12 /* AnnouncementAudio.swift */,
				5516267C5F1A1EBE3E7C8578 /* AnnouncementCatalog.swift */,
				595B5CFD2B80EBAC767989A6 /* AnnouncementEngine.swift */,
				4F739F17C393A922A8DB2D1B /* AnnouncementService.swift */,
				60D39C5F92694220AE03C259 /* AppIntentsSupport.swift */,
				31D0A33B6EDB7280B5616C20 /* AppleMapsService.swift */,
				8A527A4E704CE076BEDB5E68 /* ArrivalTarget.swift */,
				9AEF46AA6EEEAA6BB1DFD19E /* Assets.xcassets */,
				4D158F3DF63E4C9036FB22C7 /* Config.swift */,
				5BB332D14823389349D9F9A9 /* Expense.swift */,
				5996AC2B67B4359151F40773 /* ExpenseStore.swift */,
				56F692B7FF04A1EEFEC89D44 /* GalleryStore.swift */,
				48DBB19FBCDD52DE1F4E55F8 /* KaravanApp.swift */,
				F7D97DFDF05438A70096EC2B /* Kuzey.entitlements */,
				05D5793C563AFD183A7B436D /* LegLauncher.swift */,
				CE6790699333DDE82AB63E47 /* LiveActivityManager.swift */,
				21B82E5004A631A77716317D /* LocationManager.swift */,
				DC44A961C70396158E35B2A1 /* Models.swift */,
				ED5BDD8DBD5C0590C5E1BC5F /* MusicPlayer.swift */,
				35155F1CE413BCBF9F18829E /* Navigation.swift */,
				482F782E822AB4C91884E391 /* NavProgressStore.swift */,
				5DC95431B932CB4DFD5412C9 /* Notifications.swift */,
				0E7775AD4AAF14FD3D40306D /* PlanPublisher.swift */,
				0D37D4838C53B2F0A2D94B66 /* PublishOutbox.swift */,
				6E08E05BDE1D73F0761AE46D /* RoadFeedService.swift */,
				FD89E5E26EFF2B73661787B4 /* RoleStore.swift */,
				F6C3FE82A4D2A72C6C58B545 /* RouteAnnouncementPolicy.swift */,
				F573345B05D38B533D7AC738 /* RouteStepPolicy.swift */,
				DEDCB70244A1866C05724B7B /* RouteStore.swift */,
				5F74EC0068F98CB8265C4B89 /* StayContactProfileStore.swift */,
				00954AF5EE56487B60F675E1 /* Theme.swift */,
				B4035201F31588EB77A1717A /* TripPlanner.swift */,
				48245403E32764040394E43C /* TripPlanStore.swift */,
				5CFA86E52D515272F7F13F10 /* TripStore.swift */,
				28813A01A61F007F63AFB19A /* UpdateChecker.swift */,
				DEB2A1F70C4BD191A5BA233B /* WeatherService.swift */,
				BC537F389A651E45E82A65B0 /* Accounts */,
				2A250CBCA9C112E1771EF84C /* Journal */,
				4F619D7B4AE1C9157F149647 /* Learning */,
				8977B0638A5DD26187153900 /* Notifications */,
				832D862B0C1892D7807B4DEA /* Resources */,
				4025E38CD8E68B348D2D74ED /* Routes */,
				6D724DEAA6E11EF7CA49C584 /* Views */,
			);
			path = Karavan;
			sourceTree = "<group>";
		};
		4F619D7B4AE1C9157F149647 /* Learning */ = {
			isa = PBXGroup;
			children = (
				F19E1ECFBF25163C68CD2418 /* LatvianLearningAudioPlayer.swift */,
				8ED9A015C9972CDA01D41F9A /* LatvianLearningModels.swift */,
				12D367783540C02B49F8BEF5 /* LatvianLearningStore.swift */,
			);
			path = Learning;
			sourceTree = "<group>";
		};
		6D724DEAA6E11EF7CA49C584 /* Views */ = {
			isa = PBXGroup;
			children = (
				1D776FB862EE977F4B986DF6 /* Adaptive.swift */,
				96EB120F6B3CEED16E316CB7 /* ArrivalTargetCard.swift */,
				3DF4A17AEA5D744333A66588 /* ArrivalTargetEditorView.swift */,
				45DECAA1995A716526093E8C /* CampImage.swift */,
				5A9CB73E03C832207007A05A /* ContentView.swift */,
				CD74465F353E94FA714455D0 /* CountdownView.swift */,
				9F5C959C02D3AEB61D35B2E4 /* DashboardView.swift */,
				50EC37896D44D59908E84F08 /* DayDetailView.swift */,
				FFCA663A470C8DD3B775062E /* DayEditView.swift */,
				8B055BA45F55F6532F6A8AC1 /* DayGalleryView.swift */,
				AB48E89533130C8995F3673F /* DepartureModal.swift */,
				370CBB45D2A76FE6AC6681D0 /* ExpensesView.swift */,
				8C443FE724E722869D208BAC /* LiveLocationCard.swift */,
				86097054B82CA8512E4AA874 /* MapScreen.swift */,
				4CC66F61F5A93C2097EF6381 /* PlanScreen.swift */,
				BC2167794D2466CE9840E18E /* RoadFeedCard.swift */,
				25CA028A20B4BE8F4D0ED411 /* StopExploreView.swift */,
				EC538794F9ED1EDBD743061F /* TripSettingsView.swift */,
				8451A31269172C807F118FD5 /* Accounts */,
				342F48173CAFDEA8998C231B /* Journal */,
				C13B2A1A3F7026F90978E75F /* Tools */,
				822F6918ECB8EB49663D441D /* Trips */,
			);
			path = Views;
			sourceTree = "<group>";
		};
		822F6918ECB8EB49663D441D /* Trips */ = {
			isa = PBXGroup;
			children = (
				3D10B03E5964F14677E5F5C0 /* AccountMenuView.swift */,
				8C8F0E6CEEAC0341ADC58DCE /* AccountStopsView.swift */,
				133D28C12AF8362B15AAF88E /* ArrivalTargetPickerView.swift */,
				5B67A9E000EDEBACEDA383C0 /* MemberInviteView.swift */,
				5D4F8488E7E8ACA586661498 /* MembersView.swift */,
				5A355D39936226682FC6D705 /* PlacePickerView.swift */,
				152914230381950540AF3C38 /* RouteBuilderView.swift */,
				E8673B61A33C58C650B05B56 /* StopEditorView.swift */,
				C8C3BF1BEDB7AD0BB8B471AA /* TripsHomeView.swift */,
			);
			path = Trips;
			sourceTree = "<group>";
		};
		832D862B0C1892D7807B4DEA /* Resources */ = {
			isa = PBXGroup;
			children = (
				50F734E88085ED4D6DE9044E /* announcements.json */,
				0D4FDDA724C90A444C3A074E /* learning-lv-tr-starter.json */,
				F15DDC22F4EC6AF24FFF8A56 /* lv-a0-dictation-paldies.wav */,
				E37D025A8C64E0D219CF91D5 /* lv-a0-listen-sveiki.wav */,
				60381A80163D3A30637AF850 /* lv-a0-phoneme-long-a.wav */,
				3D9F3A0BB3C15CC80EAAB4C3 /* lv-a0-speak-labdien.wav */,
				854400F42C0A6BF3D1C19B27 /* trip.json */,
			);
			path = Resources;
			sourceTree = "<group>";
		};
		8451A31269172C807F118FD5 /* Accounts */ = {
			isa = PBXGroup;
			children = (
				7756E3E11615E135A656BFAB /* SignInView.swift */,
			);
			path = Accounts;
			sourceTree = "<group>";
		};
		8748E3C1781AAE2CF00E1350 /* Widgets */ = {
			isa = PBXGroup;
			children = (
				5C7EEECFB85FD9D0085B7042 /* KuzeyWidgets.entitlements */,
				92433716A15BEBCD592B63E2 /* KuzeyWidgets.swift */,
				E866345A0565A5FC805B2CF8 /* Support */,
			);
			path = Widgets;
			sourceTree = "<group>";
		};
		8977B0638A5DD26187153900 /* Notifications */ = {
			isa = PBXGroup;
			children = (
				AA9EC5D3FE46DF622AC25DD1 /* NotificationBudget.swift */,
				DB162821D5118BBCDA717991 /* NotificationRules.swift */,
				69D701532F19396FBF2875EA /* TripNotifier.swift */,
			);
			path = Notifications;
			sourceTree = "<group>";
		};
		92EFC62F5F0E9F38B4CD5897 /* Products */ = {
			isa = PBXGroup;
			children = (
				39518EF9591A8B60BC9FB024 /* Kuzey.app */,
				28429416E3925FE7D2879869 /* KuzeyWidgets.appex */,
			);
			name = Products;
			sourceTree = "<group>";
		};
		9B1916D1FB0A8E9B028EF8C8 /* Shared */ = {
			isa = PBXGroup;
			children = (
				6AB974EC178B45C5E8C2D43D /* SharedSnapshot.swift */,
				BBD2D245D3ADDC9A38B3E287 /* TripActivityAttributes.swift */,
			);
			path = Shared;
			sourceTree = "<group>";
		};
		BC537F389A651E45E82A65B0 /* Accounts */ = {
			isa = PBXGroup;
			children = (
				4E679A8CA63C95098745605F /* AccountAPI.swift */,
				45EA2D2DAE7C357998901565 /* AccountModels.swift */,
				82F38AF9528057CFB313385F /* AccountPreviewFixtures.swift */,
				79E023B62FCBECADC69DABCB /* AccountSessionStore.swift */,
				10E247B43DD7D356C7BA213B /* KeychainTokenStore.swift */,
				AE5D628F94AB556FE9D36ECD /* TripWorkspaceStore.swift */,
			);
			path = Accounts;
			sourceTree = "<group>";
		};
		C13B2A1A3F7026F90978E75F /* Tools */ = {
			isa = PBXGroup;
			children = (
				4198F36A45B4A90AFAEB6D59 /* DocumentVaultView.swift */,
				5812269C44F69EBD88B82194 /* LatvianLearningView.swift */,
				B705A452531409FB221BD87E /* MusicView.swift */,
				E5A0D47F97A6BC761EC4A1D7 /* PhotoJournalView.swift */,
				BF11ED9C0D36687D9A03CBB8 /* ScannerView.swift */,
				2D8C58A0890E58CEDB4C1744 /* ToolsView.swift */,
				BA4F669DC75CC46692AB425F /* VignettesView.swift */,
				29ABE562CEC889DE4C44F20A /* VoiceExpenseView.swift */,
			);
			path = Tools;
			sourceTree = "<group>";
		};
		E1263EA303CDCFC6E0EE7C09 = {
			isa = PBXGroup;
			children = (
				433F4FB75A37C6DA9CE24E46 /* Karavan */,
				9B1916D1FB0A8E9B028EF8C8 /* Shared */,
				8748E3C1781AAE2CF00E1350 /* Widgets */,
				92EFC62F5F0E9F38B4CD5897 /* Products */,
			);
			sourceTree = "<group>";
		};
		E866345A0565A5FC805B2CF8 /* Support */ = {
			isa = PBXGroup;
			children = (
				CC31A690DED678C7D744BD9E /* Info.plist */,
			);
			path = Support;
			sourceTree = "<group>";
		};
/* End PBXGroup section */

/* Begin PBXNativeTarget section */
		3167D9C5382665B02E9A7C38 /* Kuzey */ = {
			isa = PBXNativeTarget;
			buildConfigurationList = 89DEA7AFA7536A6DB2B54E3D /* Build configuration list for PBXNativeTarget "Kuzey" */;
			buildPhases = (
				AAD2C22B584E710B0762EB93 /* Sources */,
				51E32836BBAEC0C70617C472 /* Resources */,
				12968EAF008BF01E1A5E9C39 /* Embed Foundation Extensions */,
			);
			buildRules = (
			);
			dependencies = (
				82566E4F765AFEFD8D7D5936 /* PBXTargetDependency */,
			);
			name = Kuzey;
			packageProductDependencies = (
			);
			productName = Kuzey;
			productReference = 39518EF9591A8B60BC9FB024 /* Kuzey.app */;
			productType = "com.apple.product-type.application";
		};
		441C5A360BE7E6D17107BBE4 /* KuzeyWidgets */ = {
			isa = PBXNativeTarget;
			buildConfigurationList = F2F99352A2D7A084D8C023CB /* Build configuration list for PBXNativeTarget "KuzeyWidgets" */;
			buildPhases = (
				80D91286F09A4789E81AF83A /* Sources */,
			);
			buildRules = (
			);
			dependencies = (
			);
			name = KuzeyWidgets;
			packageProductDependencies = (
			);
			productName = KuzeyWidgets;
			productReference = 28429416E3925FE7D2879869 /* KuzeyWidgets.appex */;
			productType = "com.apple.product-type.app-extension";
		};
/* End PBXNativeTarget section */

/* Begin PBXProject section */
		507E19ED42AFA9950322BDC4 /* Project object */ = {
			isa = PBXProject;
			attributes = {
				BuildIndependentTargetsInParallel = YES;
				LastUpgradeCheck = 1430;
				TargetAttributes = {
					3167D9C5382665B02E9A7C38 = {
						DevelopmentTeam = YQUGG5VXCC;
						ProvisioningStyle = Automatic;
					};
					441C5A360BE7E6D17107BBE4 = {
						DevelopmentTeam = YQUGG5VXCC;
						ProvisioningStyle = Automatic;
					};
				};
			};
			buildConfigurationList = 8BFF79D106AA3D2DEFAE569C /* Build configuration list for PBXProject "Kuzey" */;
			developmentRegion = en;
			hasScannedForEncodings = 0;
			knownRegions = (
				Base,
				en,
			);
			mainGroup = E1263EA303CDCFC6E0EE7C09;
			minimizedProjectReferenceProxies = 1;
			preferredProjectObjectVersion = 77;
			productRefGroup = 92EFC62F5F0E9F38B4CD5897 /* Products */;
			projectDirPath = "";
			projectRoot = "";
			targets = (
				3167D9C5382665B02E9A7C38 /* Kuzey */,
				441C5A360BE7E6D17107BBE4 /* KuzeyWidgets */,
			);
		};
/* End PBXProject section */

/* Begin PBXResourcesBuildPhase section */
		51E32836BBAEC0C70617C472 /* Resources */ = {
			isa = PBXResourcesBuildPhase;
			buildActionMask = 2147483647;
			files = (
				0BE5A7664A79AAEAC5B197F1 /* Assets.xcassets in Resources */,
				073A647E142E2160B0668B7B /* announcements.json in Resources */,
				C2A736BDB038838C86575507 /* learning-lv-tr-starter.json in Resources */,
				9FE1623DC11C12E120FA10A9 /* lv-a0-dictation-paldies.wav in Resources */,
				69DC5A10A13AE08E1F9CEDC3 /* lv-a0-listen-sveiki.wav in Resources */,
				98203BBB392444D23B4B8A7D /* lv-a0-phoneme-long-a.wav in Resources */,
				9D272A9C456DA5941DE1E972 /* lv-a0-speak-labdien.wav in Resources */,
				D639120DCFB9ED1C9D94A027 /* trip.json in Resources */,
			);
			runOnlyForDeploymentPostprocessing = 0;
		};
/* End PBXResourcesBuildPhase section */

/* Begin PBXSourcesBuildPhase section */
		80D91286F09A4789E81AF83A /* Sources */ = {
			isa = PBXSourcesBuildPhase;
			buildActionMask = 2147483647;
			files = (
				44FFBA9436CD2F461A4CC31D /* KuzeyWidgets.swift in Sources */,
				CCB6AEAC47B82E9BEC59EFC4 /* SharedSnapshot.swift in Sources */,
				8B1F02A46352AE9EC070FBFA /* TripActivityAttributes.swift in Sources */,
			);
			runOnlyForDeploymentPostprocessing = 0;
		};
		AAD2C22B584E710B0762EB93 /* Sources */ = {
			isa = PBXSourcesBuildPhase;
			buildActionMask = 2147483647;
			files = (
				4DC68909BEE41788A89C7E2B /* AccountAPI.swift in Sources */,
				CE98879A4FE6A17406145259 /* AccountMenuView.swift in Sources */,
				6EA5D3285D7A6FC7A3A7E3D3 /* AccountModels.swift in Sources */,
				97E4A7C1666A8B3E0DB1F8F3 /* AccountPreviewFixtures.swift in Sources */,
				E0F513EC31511B915B78587B /* AccountSessionStore.swift in Sources */,
				5CE9A9079DEC2CD5FAB60610 /* AccountStopsView.swift in Sources */,
				B3292928A880EA90FBC6160A /* Adaptive.swift in Sources */,
				757502C0180B0C08065C603D /* AltimeterService.swift in Sources */,
				DD0EDC6C525BA8C722EFFB8F /* AnnouncementAudio.swift in Sources */,
				1310D1136D2AF73540137D03 /* AnnouncementCatalog.swift in Sources */,
				BAB25C259F8D50E1A0C11988 /* AnnouncementEngine.swift in Sources */,
				E4C01FD27953FBA51E4F5EE2 /* AnnouncementService.swift in Sources */,
				56EE74EA476E806AFA335715 /* AppIntentsSupport.swift in Sources */,
				8A8CCD1D954E11A6C346CFB6 /* AppleMapsService.swift in Sources */,
				D16651F68754C7555A38ECE3 /* ArrivalPlaceSearchService.swift in Sources */,
				DF5A237E41CA4173E3B5904C /* ArrivalTarget.swift in Sources */,
				DFDDFC0C50FBD902FED9A14E /* ArrivalTargetCard.swift in Sources */,
				020E8C313C6FBED2120E39DC /* ArrivalTargetEditorView.swift in Sources */,
				C35AE28C1535B5AE4E04BE01 /* ArrivalTargetPickerView.swift in Sources */,
				C1CD5BD742E28B2406B8C33B /* CampImage.swift in Sources */,
				27D303E4234299F590A82DC4 /* Config.swift in Sources */,
				1F27EF2FD3A054C89EB215C4 /* ContentView.swift in Sources */,
				BB1181756AD31C2121B413CD /* CountdownView.swift in Sources */,
				042CD6553C4C9F181A24D979 /* DashboardView.swift in Sources */,
				DCA192F45DFD629CE1326455 /* DayDetailView.swift in Sources */,
				054FCB4E10C16B21E3D45902 /* DayEditView.swift in Sources */,
				B5BB5F4E53ED589205C49D3C /* DayGalleryView.swift in Sources */,
				2E0CC94E730350C7E25125E9 /* DepartureModal.swift in Sources */,
				73E54B6EC9AF640FB442E727 /* DocumentVaultView.swift in Sources */,
				6A8F57A39EEEB2A7FA64075F /* Expense.swift in Sources */,
				5D29D5A948AD1618A9D6EBB2 /* ExpenseStore.swift in Sources */,
				C11853ABEDB233B5100F09D2 /* ExpensesView.swift in Sources */,
				57F6FED64EAD6A1A38073877 /* GalleryStore.swift in Sources */,
				B65BD13ED30E6DDEF50DE64A /* JournalCloud.swift in Sources */,
				D4C0ABC850E6032EEF97CDE7 /* JournalComposeView.swift in Sources */,
				63250E33AB66EC4D9F9CC7BA /* JournalEntry.swift in Sources */,
				99F5012B3D2DA7222B949BC2 /* JournalPhotoPicker.swift in Sources */,
				9D8DDBECC20E225D43C47798 /* JournalQueue.swift in Sources */,
				1BFC8EFF51E1F11FD0BDF86F /* JournalStore.swift in Sources */,
				43529647794C069DB3288EF5 /* JournalView.swift in Sources */,
				89784D251FA5CFB972CFACF6 /* KaravanApp.swift in Sources */,
				C5D29D91ED0FEEC34F0D3DF2 /* KeychainTokenStore.swift in Sources */,
				2130C966D5FCAFA0967C5F6E /* LatvianLearningAudioPlayer.swift in Sources */,
				BF9C7C9EDC24B870DA0927BB /* LatvianLearningModels.swift in Sources */,
				450CDDD3D9A8D5E6D42D6C2A /* LatvianLearningStore.swift in Sources */,
				22A19743A1935E2794049F5E /* LatvianLearningView.swift in Sources */,
				883BEC398B00CCF797F0D409 /* LegLauncher.swift in Sources */,
				B6457A92111DDF5D3124F173 /* LiveActivityManager.swift in Sources */,
				E7CC729324E01B0041BFBEE5 /* LiveLocationCard.swift in Sources */,
				DD27A9E6C1CCB53B5B5F0E24 /* LocationManager.swift in Sources */,
				EF3F584FDB22426380668F50 /* MapScreen.swift in Sources */,
				5E53245056848A3490306843 /* MemberInviteView.swift in Sources */,
				2F210E3810F5B7D4E68DF99B /* MembersView.swift in Sources */,
				68B14299CB90DBF724E88AA2 /* Models.swift in Sources */,
				B097F1FC8BAE0FF53C1BA62D /* MusicPlayer.swift in Sources */,
				ADA7F1305B6AE1417A407E29 /* MusicView.swift in Sources */,
				B47A0043B3BC95932E1E9FF4 /* NavProgressStore.swift in Sources */,
				3B014CAF3ED8C77379FD5729 /* Navigation.swift in Sources */,
				2BDE8F65A582F4E7E7245FA1 /* NotificationBudget.swift in Sources */,
				F3FF95676307867E576FCA49 /* NotificationRules.swift in Sources */,
				FA3A58E4C230882AAD9F18EB /* Notifications.swift in Sources */,
				819C7A10A5135905BECC845D /* PhotoJournalView.swift in Sources */,
				38411CC0FB39D09070DD0E7D /* PlacePickerView.swift in Sources */,
				749D8D1E76BF2484862D1567 /* PlaceSearchService.swift in Sources */,
				87236A869E46056C5C288964 /* PlanPublisher.swift in Sources */,
				83113E5D1FBE09DAB2A20E48 /* PlanScreen.swift in Sources */,
				9D2EE3E601345925BDEA151D /* PublishOutbox.swift in Sources */,
				7C79D592A14CF275B665F4C4 /* RoadFeedCard.swift in Sources */,
				EDF70A6B777B56819BDB016C /* RoadFeedService.swift in Sources */,
				80D069BE86856E1692DEFA19 /* RoleStore.swift in Sources */,
				905C9DA1A6B44AABF80B09A2 /* RouteAnnouncementPolicy.swift in Sources */,
				6FF4D6EBE93C8C9748205DB8 /* RouteBuilderView.swift in Sources */,
				91A7A4AF00849EC63ACF1005 /* RouteDraft.swift in Sources */,
				A8B7417A211FD806F76F1893 /* RoutePreviewService.swift in Sources */,
				B4D8467D64E08646A26D74A5 /* RouteStepPolicy.swift in Sources */,
				44D26612235CC1CD1C2EAA37 /* RouteStore.swift in Sources */,
				5172E3495206A3FEC5E36CEF /* ScannerView.swift in Sources */,
				A9E4066FE143338D37E04117 /* SharedSnapshot.swift in Sources */,
				693934A74992D1B4067B8F14 /* SignInView.swift in Sources */,
				18778F449FCB6B3ECAD42DF8 /* SpeechRecorder.swift in Sources */,
				6DB49F6FDA63B6E497513F8E /* StayContactProfileStore.swift in Sources */,
				62D8D612FD80BF4C6EDD2B4B /* StopEditorView.swift in Sources */,
				9D65F8215A7804576B305FB9 /* StopExploreView.swift in Sources */,
				FAD7DD8D7AC36626072723B3 /* Theme.swift in Sources */,
				7E537C5724BCAD205276581C /* ToolsView.swift in Sources */,
				F141E4DDF91017C2B4BE29E0 /* TripActivityAttributes.swift in Sources */,
				A59FFDEF88DDBE3125C26C1A /* TripNotifier.swift in Sources */,
				C1B584C0CEEF5E5EDC3E249B /* TripPlanStore.swift in Sources */,
				07E1D644A4C3B81B0BBBA38F /* TripPlanner.swift in Sources */,
				824EE6AFA799BA7C35C68EDA /* TripSettingsView.swift in Sources */,
				EE7E4F5FFF6937FF414394D1 /* TripStore.swift in Sources */,
				6642C214B22A4BEFC8510FC3 /* TripWorkspaceStore.swift in Sources */,
				CA910C0B4E3D7EBCB3B0CE55 /* TripsHomeView.swift in Sources */,
				F9AC44806989F94432E793EB /* UpdateChecker.swift in Sources */,
				77F34D3C5BFAC1E0F9C01DE9 /* VignettesView.swift in Sources */,
				8E67C1D2643A6A1CCA151B8A /* VoiceExpenseView.swift in Sources */,
				BE94D409F9E37AE2C0E79B9C /* WeatherService.swift in Sources */,
			);
			runOnlyForDeploymentPostprocessing = 0;
		};
/* End PBXSourcesBuildPhase section */

/* Begin PBXTargetDependency section */
		82566E4F765AFEFD8D7D5936 /* PBXTargetDependency */ = {
			isa = PBXTargetDependency;
			target = 441C5A360BE7E6D17107BBE4 /* KuzeyWidgets */;
			targetProxy = B6D40245E89579400EFFD263 /* PBXContainerItemProxy */;
		};
/* End PBXTargetDependency section */

/* Begin XCBuildConfiguration section */
		4F0EC3B3537CE4C5233D7A57 /* Release */ = {
			isa = XCBuildConfiguration;
			buildSettings = {
				ALWAYS_SEARCH_USER_PATHS = NO;
				CLANG_ANALYZER_NONNULL = YES;
				CLANG_ANALYZER_NUMBER_OBJECT_CONVERSION = YES_AGGRESSIVE;
				CLANG_CXX_LANGUAGE_STANDARD = "gnu++14";
				CLANG_CXX_LIBRARY = "libc++";
				CLANG_ENABLE_MODULES = YES;
				CLANG_ENABLE_OBJC_ARC = YES;
				CLANG_ENABLE_OBJC_WEAK = YES;
				CLANG_WARN_BLOCK_CAPTURE_AUTORELEASING = YES;
				CLANG_WARN_BOOL_CONVERSION = YES;
				CLANG_WARN_COMMA = YES;
				CLANG_WARN_CONSTANT_CONVERSION = YES;
				CLANG_WARN_DEPRECATED_OBJC_IMPLEMENTATIONS = YES;
				CLANG_WARN_DIRECT_OBJC_ISA_USAGE = YES_ERROR;
				CLANG_WARN_DOCUMENTATION_COMMENTS = YES;
				CLANG_WARN_EMPTY_BODY = YES;
				CLANG_WARN_ENUM_CONVERSION = YES;
				CLANG_WARN_INFINITE_RECURSION = YES;
				CLANG_WARN_INT_CONVERSION = YES;
				CLANG_WARN_NON_LITERAL_NULL_CONVERSION = YES;
				CLANG_WARN_OBJC_IMPLICIT_RETAIN_SELF = YES;
				CLANG_WARN_OBJC_LITERAL_CONVERSION = YES;
				CLANG_WARN_OBJC_ROOT_CLASS = YES_ERROR;
				CLANG_WARN_QUOTED_INCLUDE_IN_FRAMEWORK_HEADER = YES;
				CLANG_WARN_RANGE_LOOP_ANALYSIS = YES;
				CLANG_WARN_STRICT_PROTOTYPES = YES;
				CLANG_WARN_SUSPICIOUS_MOVE = YES;
				CLANG_WARN_UNGUARDED_AVAILABILITY = YES_AGGRESSIVE;
				CLANG_WARN_UNREACHABLE_CODE = YES;
				CLANG_WARN__DUPLICATE_METHOD_MATCH = YES;
				COPY_PHASE_STRIP = NO;
				DEBUG_INFORMATION_FORMAT = "dwarf-with-dsym";
				ENABLE_NS_ASSERTIONS = NO;
				ENABLE_STRICT_OBJC_MSGSEND = YES;
				GCC_C_LANGUAGE_STANDARD = gnu11;
				GCC_NO_COMMON_BLOCKS = YES;
				GCC_WARN_64_TO_32_BIT_CONVERSION = YES;
				GCC_WARN_ABOUT_RETURN_TYPE = YES_ERROR;
				GCC_WARN_UNDECLARED_SELECTOR = YES;
				GCC_WARN_UNINITIALIZED_AUTOS = YES_AGGRESSIVE;
				GCC_WARN_UNUSED_FUNCTION = YES;
				GCC_WARN_UNUSED_VARIABLE = YES;
				IPHONEOS_DEPLOYMENT_TARGET = 17.0;
				MTL_ENABLE_DEBUG_INFO = NO;
				MTL_FAST_MATH = YES;
				PRODUCT_NAME = "$(TARGET_NAME)";
				SDKROOT = iphoneos;
				SWIFT_COMPILATION_MODE = wholemodule;
				SWIFT_OPTIMIZATION_LEVEL = "-O";
				SWIFT_VERSION = 5.0;
			};
			name = Release;
		};
		69AE0D2721675CC5647F72F4 /* Release */ = {
			isa = XCBuildConfiguration;
			buildSettings = {
				CODE_SIGN_ENTITLEMENTS = Widgets/KuzeyWidgets.entitlements;
				CODE_SIGN_STYLE = Automatic;
				CURRENT_PROJECT_VERSION = 12;
				DEVELOPMENT_TEAM = YQUGG5VXCC;
				INFOPLIST_FILE = Widgets/Support/Info.plist;
				IPHONEOS_DEPLOYMENT_TARGET = 17.0;
				LD_RUNPATH_SEARCH_PATHS = (
					"$(inherited)",
					"@executable_path/Frameworks",
					"@executable_path/../../Frameworks",
				);
				MARKETING_VERSION = 1.0;
				PRODUCT_BUNDLE_IDENTIFIER = com.bilalsenturk.kuzey.widgets;
				SDKROOT = iphoneos;
				SWIFT_VERSION = 5.9;
				TARGETED_DEVICE_FAMILY = "1,2";
			};
			name = Release;
		};
		701ED5A7602CB45EDA59F386 /* Debug */ = {
			isa = XCBuildConfiguration;
			buildSettings = {
				ASSETCATALOG_COMPILER_APPICON_NAME = AppIcon;
				CODE_SIGN_ENTITLEMENTS = Karavan/Kuzey.entitlements;
				CODE_SIGN_IDENTITY = "iPhone Developer";
				CODE_SIGN_STYLE = Automatic;
				CURRENT_PROJECT_VERSION = 12;
				DEVELOPMENT_TEAM = YQUGG5VXCC;
				INFOPLIST_FILE = Support/Info.plist;
				LD_RUNPATH_SEARCH_PATHS = (
					"$(inherited)",
					"@executable_path/Frameworks",
				);
				MARKETING_VERSION = 1.0;
				PRODUCT_BUNDLE_IDENTIFIER = com.bilalsenturk.kuzey;
				SDKROOT = iphoneos;
				SWIFT_VERSION = 5.9;
				TARGETED_DEVICE_FAMILY = "1,2";
			};
			name = Debug;
		};
		EDE5AAC1F882B848C4E19C5A /* Release */ = {
			isa = XCBuildConfiguration;
			buildSettings = {
				ASSETCATALOG_COMPILER_APPICON_NAME = AppIcon;
				CODE_SIGN_ENTITLEMENTS = Karavan/Kuzey.entitlements;
				CODE_SIGN_IDENTITY = "iPhone Developer";
				CODE_SIGN_STYLE = Automatic;
				CURRENT_PROJECT_VERSION = 12;
				DEVELOPMENT_TEAM = YQUGG5VXCC;
				INFOPLIST_FILE = Support/Info.plist;
				LD_RUNPATH_SEARCH_PATHS = (
					"$(inherited)",
					"@executable_path/Frameworks",
				);
				MARKETING_VERSION = 1.0;
				PRODUCT_BUNDLE_IDENTIFIER = com.bilalsenturk.kuzey;
				SDKROOT = iphoneos;
				SWIFT_VERSION = 5.9;
				TARGETED_DEVICE_FAMILY = "1,2";
			};
			name = Release;
		};
		F1A6D115AED5A627945BB629 /* Debug */ = {
			isa = XCBuildConfiguration;
			buildSettings = {
				CODE_SIGN_ENTITLEMENTS = Widgets/KuzeyWidgets.entitlements;
				CODE_SIGN_STYLE = Automatic;
				CURRENT_PROJECT_VERSION = 12;
				DEVELOPMENT_TEAM = YQUGG5VXCC;
				INFOPLIST_FILE = Widgets/Support/Info.plist;
				IPHONEOS_DEPLOYMENT_TARGET = 17.0;
				LD_RUNPATH_SEARCH_PATHS = (
					"$(inherited)",
					"@executable_path/Frameworks",
					"@executable_path/../../Frameworks",
				);
				MARKETING_VERSION = 1.0;
				PRODUCT_BUNDLE_IDENTIFIER = com.bilalsenturk.kuzey.widgets;
				SDKROOT = iphoneos;
				SWIFT_VERSION = 5.9;
				TARGETED_DEVICE_FAMILY = "1,2";
			};
			name = Debug;
		};
		F40D9D08B931D8BCAAD73595 /* Debug */ = {
			isa = XCBuildConfiguration;
			buildSettings = {
				ALWAYS_SEARCH_USER_PATHS = NO;
				CLANG_ANALYZER_NONNULL = YES;
				CLANG_ANALYZER_NUMBER_OBJECT_CONVERSION = YES_AGGRESSIVE;
				CLANG_CXX_LANGUAGE_STANDARD = "gnu++14";
				CLANG_CXX_LIBRARY = "libc++";
				CLANG_ENABLE_MODULES = YES;
				CLANG_ENABLE_OBJC_ARC = YES;
				CLANG_ENABLE_OBJC_WEAK = YES;
				CLANG_WARN_BLOCK_CAPTURE_AUTORELEASING = YES;
				CLANG_WARN_BOOL_CONVERSION = YES;
				CLANG_WARN_COMMA = YES;
				CLANG_WARN_CONSTANT_CONVERSION = YES;
				CLANG_WARN_DEPRECATED_OBJC_IMPLEMENTATIONS = YES;
				CLANG_WARN_DIRECT_OBJC_ISA_USAGE = YES_ERROR;
				CLANG_WARN_DOCUMENTATION_COMMENTS = YES;
				CLANG_WARN_EMPTY_BODY = YES;
				CLANG_WARN_ENUM_CONVERSION = YES;
				CLANG_WARN_INFINITE_RECURSION = YES;
				CLANG_WARN_INT_CONVERSION = YES;
				CLANG_WARN_NON_LITERAL_NULL_CONVERSION = YES;
				CLANG_WARN_OBJC_IMPLICIT_RETAIN_SELF = YES;
				CLANG_WARN_OBJC_LITERAL_CONVERSION = YES;
				CLANG_WARN_OBJC_ROOT_CLASS = YES_ERROR;
				CLANG_WARN_QUOTED_INCLUDE_IN_FRAMEWORK_HEADER = YES;
				CLANG_WARN_RANGE_LOOP_ANALYSIS = YES;
				CLANG_WARN_STRICT_PROTOTYPES = YES;
				CLANG_WARN_SUSPICIOUS_MOVE = YES;
				CLANG_WARN_UNGUARDED_AVAILABILITY = YES_AGGRESSIVE;
				CLANG_WARN_UNREACHABLE_CODE = YES;
				CLANG_WARN__DUPLICATE_METHOD_MATCH = YES;
				COPY_PHASE_STRIP = NO;
				DEBUG_INFORMATION_FORMAT = dwarf;
				ENABLE_STRICT_OBJC_MSGSEND = YES;
				ENABLE_TESTABILITY = YES;
				GCC_C_LANGUAGE_STANDARD = gnu11;
				GCC_DYNAMIC_NO_PIC = NO;
				GCC_NO_COMMON_BLOCKS = YES;
				GCC_OPTIMIZATION_LEVEL = 0;
				GCC_PREPROCESSOR_DEFINITIONS = (
					"$(inherited)",
					"DEBUG=1",
				);
				GCC_WARN_64_TO_32_BIT_CONVERSION = YES;
				GCC_WARN_ABOUT_RETURN_TYPE = YES_ERROR;
				GCC_WARN_UNDECLARED_SELECTOR = YES;
				GCC_WARN_UNINITIALIZED_AUTOS = YES_AGGRESSIVE;
				GCC_WARN_UNUSED_FUNCTION = YES;
				GCC_WARN_UNUSED_VARIABLE = YES;
				IPHONEOS_DEPLOYMENT_TARGET = 17.0;
				MTL_ENABLE_DEBUG_INFO = INCLUDE_SOURCE;
				MTL_FAST_MATH = YES;
				ONLY_ACTIVE_ARCH = YES;
				PRODUCT_NAME = "$(TARGET_NAME)";
				SDKROOT = iphoneos;
				SWIFT_ACTIVE_COMPILATION_CONDITIONS = DEBUG;
				SWIFT_OPTIMIZATION_LEVEL = "-Onone";
				SWIFT_VERSION = 5.0;
			};
			name = Debug;
		};
/* End XCBuildConfiguration section */

/* Begin XCConfigurationList section */
		89DEA7AFA7536A6DB2B54E3D /* Build configuration list for PBXNativeTarget "Kuzey" */ = {
			isa = XCConfigurationList;
			buildConfigurations = (
				701ED5A7602CB45EDA59F386 /* Debug */,
				EDE5AAC1F882B848C4E19C5A /* Release */,
			);
			defaultConfigurationIsVisible = 0;
			defaultConfigurationName = Debug;
		};
		8BFF79D106AA3D2DEFAE569C /* Build configuration list for PBXProject "Kuzey" */ = {
			isa = XCConfigurationList;
			buildConfigurations = (
				F40D9D08B931D8BCAAD73595 /* Debug */,
				4F0EC3B3537CE4C5233D7A57 /* Release */,
			);
			defaultConfigurationIsVisible = 0;
			defaultConfigurationName = Debug;
		};
		F2F99352A2D7A084D8C023CB /* Build configuration list for PBXNativeTarget "KuzeyWidgets" */ = {
			isa = XCConfigurationList;
			buildConfigurations = (
				F1A6D115AED5A627945BB629 /* Debug */,
				69AE0D2721675CC5647F72F4 /* Release */,
			);
			defaultConfigurationIsVisible = 0;
			defaultConfigurationName = Debug;
		};
/* End XCConfigurationList section */
	};
	rootObject = 507E19ED42AFA9950322BDC4 /* Project object */;
}
