{
  "originHash" : "87aedb0d1f086d88a7da9740f0fc7550d02c44e611f2d171932216326ae27862",
  "pins" : [
    {
      "identity" : "confettiswiftui",
      "kind" : "remoteSourceControl",
      "location" : "https://github.com/simibac/ConfettiSwiftUI",
      "state" : {
        "revision" : "79666d42b882bf7921b1941fa7c636d681d77980",
        "version" : "2.0.3"
      }
    },
    {
      "identity" : "swift-fsrs",
      "kind" : "remoteSourceControl",
      "location" : "https://github.com/open-spaced-repetition/swift-fsrs",
      "state" : {
        "revision" : "1d3cd7a4e72b210b31ca47c23efe4b464673bb54",
        "version" : "4.1.0"
      }
    }
  ],
  "version" : 3
}
